
Microsoft Visual Studio Solution File, Format Version 12.00
# Visual Studio Version 17
VisualStudioVersion = 17.0.31903.59
MinimumVisualStudioVersion = 10.0.40219.1
Project("{9A19103F-16F7-4668-BE54-9A1E7A4F7556}") = "SetDefaultValuesTest", "src\DefaultValuesTest\SetDefaultValuesTest.csproj", "{67BFEB9C-96CE-407B-8C6C-5DF5632AFDB6}"
EndProject
Global
	GlobalSection(SolutionConfigurationPlatforms) = preSolution
		Debug|Any CPU = Debug|Any CPU
		Release|Any CPU = Release|Any CPU
	EndGlobalSection
	GlobalSection(ProjectConfigurationPlatforms) = postSolution
		{67BFEB9C-96CE-407B-8C6C-5DF5632AFDB6}.Debug|Any CPU.ActiveCfg = Debug|Any CPU
		{67BFEB9C-96CE-407B-8C6C-5DF5632AFDB6}.Debug|Any CPU.Build.0 = Debug|Any CPU
		{67BFEB9C-96CE-407B-8C6C-5DF5632AFDB6}.Release|Any CPU.ActiveCfg = Release|Any CPU
		{67BFEB9C-96CE-407B-8C6C-5DF5632AFDB6}.Release|Any CPU.Build.0 = Release|Any CPU
	EndGlobalSection
	GlobalSection(SolutionProperties) = preSolution
		HideSolutionNode = FALSE
	EndGlobalSection
	GlobalSection(ExtensibilityGlobals) = postSolution
		SolutionGuid = {8F00D3CA-CC2A-47EE-BDA9-751C4C5F4685}
	EndGlobalSection
EndGlobal
